
Microsoft Visual Studio Solution File, Format Version 12.00
Project("{8BC9CEB8-8B4A-11D0-8D11-00A0C91BC942}") = "_01_preprocessor_namespace", "_01_preprocessor_namespace\_01_preprocessor_namespace.vcxproj", "{E8C8738E-F251-4832-8C57-DA9A3C885AF8}"
EndProject
Project("{8BC9CEB8-8B4A-11D0-8D11-00A0C91BC942}") = "_02_dataType", "_02_dataType\_02_dataType.vcxproj", "{B6CEE617-6F45-4BC9-8EC1-42D17148B626}"
EndProject
Project("{8BC9CEB8-8B4A-11D0-8D11-00A0C91BC942}") = "_03_int_float", "_03_int_float\_03_int_float.vcxproj", "{CD6E744A-6CD3-4198-9417-8EB01D40AB67}"
EndProject
Project("{8BC9CEB8-8B4A-11D0-8D11-00A0C91BC942}") = "_04_char_string", "_04_char_string\_04_char_string.vcxproj", "{F84C72F1-7885-4BD6-98E2-8D688071CEFF}"
EndProject
Project("{8BC9CEB8-8B4A-11D0-8D11-00A0C91BC942}") = "_05_const_Parsing", "_05_const_Parsing\_05_const_Parsing.vcxproj", "{721693B1-1830-424C-8CB9-F95DFA92203F}"
EndProject
Project("{8BC9CEB8-8B4A-11D0-8D11-00A0C91BC942}") = "_06_add_min_mul_div_auto", "_06_add_min_mul_div_auto\_06_add_min_mul_div_auto.vcxproj", "{C23D11A8-5B8A-4A6C-A154-67AE96EC684E}"
EndProject
Project("{8BC9CEB8-8B4A-11D0-8D11-00A0C91BC942}") = "_07_arrange_string", "_07_arrange_string\_07_arrange_string.vcxproj", "{0FECC297-7D72-4C27-8312-6090ADD69AC2}"
EndProject
Project("{8BC9CEB8-8B4A-11D0-8D11-00A0C91BC942}") = "_08_Input_string", "_08_Input_string\_08_Input_string.vcxproj", "{42B8AD8B-6C46-4BD3-8F13-CD6275625CC6}"
EndProject
Project("{8BC9CEB8-8B4A-11D0-8D11-00A0C91BC942}") = "_09_struct", "_09_struct\_09_struct.vcxproj", "{535D0835-F552-4C16-8542-9DD1C4FA02F1}"
EndProject
Project("{8BC9CEB8-8B4A-11D0-8D11-00A0C91BC942}") = "_10_union_enum", "_10_union_enum\_10_union_enum.vcxproj", "{DE84820F-E9A3-4472-8E73-496F75E70ED3}"
EndProject
Project("{8BC9CEB8-8B4A-11D0-8D11-00A0C91BC942}") = "_11_pointer_memory", "_11_pointer_memory\_11_pointer_memory.vcxproj", "{464B15C3-1540-4953-9C02-A679DA09244A}"
EndProject
Project("{8BC9CEB8-8B4A-11D0-8D11-00A0C91BC942}") = "_12_new_delete", "_12_new_delete\_12_new_delete.vcxproj", "{1C96A62B-658D-423C-AD35-9A8A4D299E80}"
EndProject
Project("{8BC9CEB8-8B4A-11D0-8D11-00A0C91BC942}") = "_13_string_pointer", "_13_string_pointer\_13_string_pointer.vcxproj", "{997BEA2C-84C6-4B0A-90A9-8F602D5AAF47}"
EndProject
Project("{8BC9CEB8-8B4A-11D0-8D11-00A0C91BC942}") = "_14_struct_pointer", "_14_struct_pointer\_14_struct_pointer.vcxproj", "{81865EFD-3FAD-485F-9AC5-C27B63924F06}"
EndProject
Project("{8BC9CEB8-8B4A-11D0-8D11-00A0C91BC942}") = "_15_for", "_15_for\_15_for.vcxproj", "{F8197743-F916-4AB3-9C48-14268C67674F}"
EndProject
Project("{8BC9CEB8-8B4A-11D0-8D11-00A0C91BC942}") = "_16_array_for", "_16_array_for\_16_array_for.vcxproj", "{7368ECD5-0914-450F-A664-C6EF6FF0CC28}"
EndProject
Project("{8BC9CEB8-8B4A-11D0-8D11-00A0C91BC942}") = "_17_if", "_17_if\_17_if.vcxproj", "{1B50EA4A-35EE-46E7-8908-5ABCB0C6EE49}"
EndProject
Project("{8BC9CEB8-8B4A-11D0-8D11-00A0C91BC942}") = "_18_switch_break_continue", "_18_switch_break_continue\_18_switch_break_continue.vcxproj", "{A340BA0C-BE39-44D8-AFDE-CFCF1101E680}"
EndProject
Project("{8BC9CEB8-8B4A-11D0-8D11-00A0C91BC942}") = "_18_method", "_18_method\_18_method.vcxproj", "{205EA46B-C8A8-448D-AB4D-220B8AA32003}"
EndProject
Project("{8BC9CEB8-8B4A-11D0-8D11-00A0C91BC942}") = "_19_parameter", "_19_parameter\_19_parameter.vcxproj", "{61620443-B3A6-4AF1-BC25-B29C43ED3049}"
EndProject
Project("{8BC9CEB8-8B4A-11D0-8D11-00A0C91BC942}") = "_20_method_array", "_20_method_array\_20_method_array.vcxproj", "{3A827CF3-042D-4521-BFFD-B7E1328C1B49}"
EndProject
Project("{8BC9CEB8-8B4A-11D0-8D11-00A0C91BC942}") = "_21_method_struct", "_21_method_struct\_21_method_struct.vcxproj", "{372687AD-444A-4BD4-B21E-7EA05C63E9B9}"
EndProject
Project("{8BC9CEB8-8B4A-11D0-8D11-00A0C91BC942}") = "_22_recursiveMethod", "_22_recursiveMethod\_22_recursiveMethod.vcxproj", "{47ED4C2B-2DFC-41A2-B505-FCF2BD9FCD4F}"
EndProject
Project("{8BC9CEB8-8B4A-11D0-8D11-00A0C91BC942}") = "_23_inlinemethod", "_23_inlinemethod\_23_inlinemethod.vcxproj", "{13D2B437-2A37-47E5-B8F2-54926880EF8E}"
EndProject
Project("{8BC9CEB8-8B4A-11D0-8D11-00A0C91BC942}") = "_24_reference", "_24_reference\_24_reference.vcxproj", "{C200D8EA-B30D-467F-8E0B-9F8DBE1D62BC}"
EndProject
Project("{8BC9CEB8-8B4A-11D0-8D11-00A0C91BC942}") = "_25_overroding", "_25_overroding\_25_overroding.vcxproj", "{7972E2BE-E04D-49DD-A7CA-C629053998EB}"
EndProject
Project("{8BC9CEB8-8B4A-11D0-8D11-00A0C91BC942}") = "_26_templet", "_26_templet\_26_templet.vcxproj", "{C98F82AD-523F-4F05-AF23-F0F7E61D1E2D}"
EndProject
Project("{8BC9CEB8-8B4A-11D0-8D11-00A0C91BC942}") = "_27_compile", "_27_compile\_27_compile.vcxproj", "{7EB72074-528F-4F81-88F5-B78BD62F092B}"
EndProject
Project("{8BC9CEB8-8B4A-11D0-8D11-00A0C91BC942}") = "_28_class", "_28_class\_28_class.vcxproj", "{88B3BDB5-C509-4D51-AE3C-1A2B15E6ECAE}"
EndProject
Global
	GlobalSection(SolutionConfigurationPlatforms) = preSolution
		Debug|Win32 = Debug|Win32
		Debug|x64 = Debug|x64
		Release|Win32 = Release|Win32
		Release|x64 = Release|x64
	EndGlobalSection
	GlobalSection(ProjectConfigurationPlatforms) = postSolution
		{E8C8738E-F251-4832-8C57-DA9A3C885AF8}.Debug|Win32.ActiveCfg = Debug|Win32
		{E8C8738E-F251-4832-8C57-DA9A3C885AF8}.Debug|Win32.Build.0 = Debug|Win32
		{E8C8738E-F251-4832-8C57-DA9A3C885AF8}.Debug|x64.ActiveCfg = Debug|x64
		{E8C8738E-F251-4832-8C57-DA9A3C885AF8}.Debug|x64.Build.0 = Debug|x64
		{E8C8738E-F251-4832-8C57-DA9A3C885AF8}.Release|Win32.ActiveCfg = Release|Win32
		{E8C8738E-F251-4832-8C57-DA9A3C885AF8}.Release|Win32.Build.0 = Release|Win32
		{E8C8738E-F251-4832-8C57-DA9A3C885AF8}.Release|x64.ActiveCfg = Release|x64
		{E8C8738E-F251-4832-8C57-DA9A3C885AF8}.Release|x64.Build.0 = Release|x64
		{B6CEE617-6F45-4BC9-8EC1-42D17148B626}.Debug|Win32.ActiveCfg = Debug|Win32
		{B6CEE617-6F45-4BC9-8EC1-42D17148B626}.Debug|Win32.Build.0 = Debug|Win32
		{B6CEE617-6F45-4BC9-8EC1-42D17148B626}.Debug|x64.ActiveCfg = Debug|x64
		{B6CEE617-6F45-4BC9-8EC1-42D17148B626}.Debug|x64.Build.0 = Debug|x64
		{B6CEE617-6F45-4BC9-8EC1-42D17148B626}.Release|Win32.ActiveCfg = Release|Win32
		{B6CEE617-6F45-4BC9-8EC1-42D17148B626}.Release|Win32.Build.0 = Release|Win32
		{B6CEE617-6F45-4BC9-8EC1-42D17148B626}.Release|x64.ActiveCfg = Release|x64
		{B6CEE617-6F45-4BC9-8EC1-42D17148B626}.Release|x64.Build.0 = Release|x64
		{CD6E744A-6CD3-4198-9417-8EB01D40AB67}.Debug|Win32.ActiveCfg = Debug|Win32
		{CD6E744A-6CD3-4198-9417-8EB01D40AB67}.Debug|Win32.Build.0 = Debug|Win32
		{CD6E744A-6CD3-4198-9417-8EB01D40AB67}.Debug|x64.ActiveCfg = Debug|x64
		{CD6E744A-6CD3-4198-9417-8EB01D40AB67}.Debug|x64.Build.0 = Debug|x64
		{CD6E744A-6CD3-4198-9417-8EB01D40AB67}.Release|Win32.ActiveCfg = Release|Win32
		{CD6E744A-6CD3-4198-9417-8EB01D40AB67}.Release|Win32.Build.0 = Release|Win32
		{CD6E744A-6CD3-4198-9417-8EB01D40AB67}.Release|x64.ActiveCfg = Release|x64
		{CD6E744A-6CD3-4198-9417-8EB01D40AB67}.Release|x64.Build.0 = Release|x64
		{F84C72F1-7885-4BD6-98E2-8D688071CEFF}.Debug|Win32.ActiveCfg = Debug|Win32
		{F84C72F1-7885-4BD6-98E2-8D688071CEFF}.Debug|Win32.Build.0 = Debug|Win32
		{F84C72F1-7885-4BD6-98E2-8D688071CEFF}.Debug|x64.ActiveCfg = Debug|x64
		{F84C72F1-7885-4BD6-98E2-8D688071CEFF}.Debug|x64.Build.0 = Debug|x64
		{F84C72F1-7885-4BD6-98E2-8D688071CEFF}.Release|Win32.ActiveCfg = Release|Win32
		{F84C72F1-7885-4BD6-98E2-8D688071CEFF}.Release|Win32.Build.0 = Release|Win32
		{F84C72F1-7885-4BD6-98E2-8D688071CEFF}.Release|x64.ActiveCfg = Release|x64
		{F84C72F1-7885-4BD6-98E2-8D688071CEFF}.Release|x64.Build.0 = Release|x64
		{721693B1-1830-424C-8CB9-F95DFA92203F}.Debug|Win32.ActiveCfg = Debug|Win32
		{721693B1-1830-424C-8CB9-F95DFA92203F}.Debug|Win32.Build.0 = Debug|Win32
		{721693B1-1830-424C-8CB9-F95DFA92203F}.Debug|x64.ActiveCfg = Debug|x64
		{721693B1-1830-424C-8CB9-F95DFA92203F}.Debug|x64.Build.0 = Debug|x64
		{721693B1-1830-424C-8CB9-F95DFA92203F}.Release|Win32.ActiveCfg = Release|Win32
		{721693B1-1830-424C-8CB9-F95DFA92203F}.Release|Win32.Build.0 = Release|Win32
		{721693B1-1830-424C-8CB9-F95DFA92203F}.Release|x64.ActiveCfg = Release|x64
		{721693B1-1830-424C-8CB9-F95DFA92203F}.Release|x64.Build.0 = Release|x64
		{C23D11A8-5B8A-4A6C-A154-67AE96EC684E}.Debug|Win32.ActiveCfg = Debug|Win32
		{C23D11A8-5B8A-4A6C-A154-67AE96EC684E}.Debug|Win32.Build.0 = Debug|Win32
		{C23D11A8-5B8A-4A6C-A154-67AE96EC684E}.Debug|x64.ActiveCfg = Debug|x64
		{C23D11A8-5B8A-4A6C-A154-67AE96EC684E}.Debug|x64.Build.0 = Debug|x64
		{C23D11A8-5B8A-4A6C-A154-67AE96EC684E}.Release|Win32.ActiveCfg = Release|Win32
		{C23D11A8-5B8A-4A6C-A154-67AE96EC684E}.Release|Win32.Build.0 = Release|Win32
		{C23D11A8-5B8A-4A6C-A154-67AE96EC684E}.Release|x64.ActiveCfg = Release|x64
		{C23D11A8-5B8A-4A6C-A154-67AE96EC684E}.Release|x64.Build.0 = Release|x64
		{0FECC297-7D72-4C27-8312-6090ADD69AC2}.Debug|Win32.ActiveCfg = Debug|Win32
		{0FECC297-7D72-4C27-8312-6090ADD69AC2}.Debug|Win32.Build.0 = Debug|Win32
		{0FECC297-7D72-4C27-8312-6090ADD69AC2}.Debug|x64.ActiveCfg = Debug|x64
		{0FECC297-7D72-4C27-8312-6090ADD69AC2}.Debug|x64.Build.0 = Debug|x64
		{0FECC297-7D72-4C27-8312-6090ADD69AC2}.Release|Win32.ActiveCfg = Release|Win32
		{0FECC297-7D72-4C27-8312-6090ADD69AC2}.Release|Win32.Build.0 = Release|Win32
		{0FECC297-7D72-4C27-8312-6090ADD69AC2}.Release|x64.ActiveCfg = Release|x64
		{0FECC297-7D72-4C27-8312-6090ADD69AC2}.Release|x64.Build.0 = Release|x64
		{42B8AD8B-6C46-4BD3-8F13-CD6275625CC6}.Debug|Win32.ActiveCfg = Debug|Win32
		{42B8AD8B-6C46-4BD3-8F13-CD6275625CC6}.Debug|Win32.Build.0 = Debug|Win32
		{42B8AD8B-6C46-4BD3-8F13-CD6275625CC6}.Debug|x64.ActiveCfg = Debug|x64
		{42B8AD8B-6C46-4BD3-8F13-CD6275625CC6}.Debug|x64.Build.0 = Debug|x64
		{42B8AD8B-6C46-4BD3-8F13-CD6275625CC6}.Release|Win32.ActiveCfg = Release|Win32
		{42B8AD8B-6C46-4BD3-8F13-CD6275625CC6}.Release|Win32.Build.0 = Release|Win32
		{42B8AD8B-6C46-4BD3-8F13-CD6275625CC6}.Release|x64.ActiveCfg = Release|x64
		{42B8AD8B-6C46-4BD3-8F13-CD6275625CC6}.Release|x64.Build.0 = Release|x64
		{535D0835-F552-4C16-8542-9DD1C4FA02F1}.Debug|Win32.ActiveCfg = Debug|Win32
		{535D0835-F552-4C16-8542-9DD1C4FA02F1}.Debug|Win32.Build.0 = Debug|Win32
		{535D0835-F552-4C16-8542-9DD1C4FA02F1}.Debug|x64.ActiveCfg = Debug|x64
		{535D0835-F552-4C16-8542-9DD1C4FA02F1}.Debug|x64.Build.0 = Debug|x64
		{535D0835-F552-4C16-8542-9DD1C4FA02F1}.Release|Win32.ActiveCfg = Release|Win32
		{535D0835-F552-4C16-8542-9DD1C4FA02F1}.Release|Win32.Build.0 = Release|Win32
		{535D0835-F552-4C16-8542-9DD1C4FA02F1}.Release|x64.ActiveCfg = Release|x64
		{535D0835-F552-4C16-8542-9DD1C4FA02F1}.Release|x64.Build.0 = Release|x64
		{DE84820F-E9A3-4472-8E73-496F75E70ED3}.Debug|Win32.ActiveCfg = Debug|Win32
		{DE84820F-E9A3-4472-8E73-496F75E70ED3}.Debug|Win32.Build.0 = Debug|Win32
		{DE84820F-E9A3-4472-8E73-496F75E70ED3}.Debug|x64.ActiveCfg = Debug|x64
		{DE84820F-E9A3-4472-8E73-496F75E70ED3}.Debug|x64.Build.0 = Debug|x64
		{DE84820F-E9A3-4472-8E73-496F75E70ED3}.Release|Win32.ActiveCfg = Release|Win32
		{DE84820F-E9A3-4472-8E73-496F75E70ED3}.Release|Win32.Build.0 = Release|Win32
		{DE84820F-E9A3-4472-8E73-496F75E70ED3}.Release|x64.ActiveCfg = Release|x64
		{DE84820F-E9A3-4472-8E73-496F75E70ED3}.Release|x64.Build.0 = Release|x64
		{464B15C3-1540-4953-9C02-A679DA09244A}.Debug|Win32.ActiveCfg = Debug|Win32
		{464B15C3-1540-4953-9C02-A679DA09244A}.Debug|Win32.Build.0 = Debug|Win32
		{464B15C3-1540-4953-9C02-A679DA09244A}.Debug|x64.ActiveCfg = Debug|x64
		{464B15C3-1540-4953-9C02-A679DA09244A}.Debug|x64.Build.0 = Debug|x64
		{464B15C3-1540-4953-9C02-A679DA09244A}.Release|Win32.ActiveCfg = Release|Win32
		{464B15C3-1540-4953-9C02-A679DA09244A}.Release|Win32.Build.0 = Release|Win32
		{464B15C3-1540-4953-9C02-A679DA09244A}.Release|x64.ActiveCfg = Release|x64
		{464B15C3-1540-4953-9C02-A679DA09244A}.Release|x64.Build.0 = Release|x64
		{1C96A62B-658D-423C-AD35-9A8A4D299E80}.Debug|Win32.ActiveCfg = Debug|Win32
		{1C96A62B-658D-423C-AD35-9A8A4D299E80}.Debug|Win32.Build.0 = Debug|Win32
		{1C96A62B-658D-423C-AD35-9A8A4D299E80}.Debug|x64.ActiveCfg = Debug|x64
		{1C96A62B-658D-423C-AD35-9A8A4D299E80}.Debug|x64.Build.0 = Debug|x64
		{1C96A62B-658D-423C-AD35-9A8A4D299E80}.Release|Win32.ActiveCfg = Release|Win32
		{1C96A62B-658D-423C-AD35-9A8A4D299E80}.Release|Win32.Build.0 = Release|Win32
		{1C96A62B-658D-423C-AD35-9A8A4D299E80}.Release|x64.ActiveCfg = Release|x64
		{1C96A62B-658D-423C-AD35-9A8A4D299E80}.Release|x64.Build.0 = Release|x64
		{997BEA2C-84C6-4B0A-90A9-8F602D5AAF47}.Debug|Win32.ActiveCfg = Debug|Win32
		{997BEA2C-84C6-4B0A-90A9-8F602D5AAF47}.Debug|Win32.Build.0 = Debug|Win32
		{997BEA2C-84C6-4B0A-90A9-8F602D5AAF47}.Debug|x64.ActiveCfg = Debug|x64
		{997BEA2C-84C6-4B0A-90A9-8F602D5AAF47}.Debug|x64.Build.0 = Debug|x64
		{997BEA2C-84C6-4B0A-90A9-8F602D5AAF47}.Release|Win32.ActiveCfg = Release|Win32
		{997BEA2C-84C6-4B0A-90A9-8F602D5AAF47}.Release|Win32.Build.0 = Release|Win32
		{997BEA2C-84C6-4B0A-90A9-8F602D5AAF47}.Release|x64.ActiveCfg = Release|x64
		{997BEA2C-84C6-4B0A-90A9-8F602D5AAF47}.Release|x64.Build.0 = Release|x64
		{81865EFD-3FAD-485F-9AC5-C27B63924F06}.Debug|Win32.ActiveCfg = Debug|Win32
		{81865EFD-3FAD-485F-9AC5-C27B63924F06}.Debug|Win32.Build.0 = Debug|Win32
		{81865EFD-3FAD-485F-9AC5-C27B63924F06}.Debug|x64.ActiveCfg = Debug|x64
		{81865EFD-3FAD-485F-9AC5-C27B63924F06}.Debug|x64.Build.0 = Debug|x64
		{81865EFD-3FAD-485F-9AC5-C27B63924F06}.Release|Win32.ActiveCfg = Release|Win32
		{81865EFD-3FAD-485F-9AC5-C27B63924F06}.Release|Win32.Build.0 = Release|Win32
		{81865EFD-3FAD-485F-9AC5-C27B63924F06}.Release|x64.ActiveCfg = Release|x64
		{81865EFD-3FAD-485F-9AC5-C27B63924F06}.Release|x64.Build.0 = Release|x64
		{F8197743-F916-4AB3-9C48-14268C67674F}.Debug|Win32.ActiveCfg = Debug|Win32
		{F8197743-F916-4AB3-9C48-14268C67674F}.Debug|Win32.Build.0 = Debug|Win32
		{F8197743-F916-4AB3-9C48-14268C67674F}.Debug|x64.ActiveCfg = Debug|x64
		{F8197743-F916-4AB3-9C48-14268C67674F}.Debug|x64.Build.0 = Debug|x64
		{F8197743-F916-4AB3-9C48-14268C67674F}.Release|Win32.ActiveCfg = Release|Win32
		{F8197743-F916-4AB3-9C48-14268C67674F}.Release|Win32.Build.0 = Release|Win32
		{F8197743-F916-4AB3-9C48-14268C67674F}.Release|x64.ActiveCfg = Release|x64
		{F8197743-F916-4AB3-9C48-14268C67674F}.Release|x64.Build.0 = Release|x64
		{7368ECD5-0914-450F-A664-C6EF6FF0CC28}.Debug|Win32.ActiveCfg = Debug|Win32
		{7368ECD5-0914-450F-A664-C6EF6FF0CC28}.Debug|Win32.Build.0 = Debug|Win32
		{7368ECD5-0914-450F-A664-C6EF6FF0CC28}.Debug|x64.ActiveCfg = Debug|x64
		{7368ECD5-0914-450F-A664-C6EF6FF0CC28}.Debug|x64.Build.0 = Debug|x64
		{7368ECD5-0914-450F-A664-C6EF6FF0CC28}.Release|Win32.ActiveCfg = Release|Win32
		{7368ECD5-0914-450F-A664-C6EF6FF0CC28}.Release|Win32.Build.0 = Release|Win32
		{7368ECD5-0914-450F-A664-C6EF6FF0CC28}.Release|x64.ActiveCfg = Release|x64
		{7368ECD5-0914-450F-A664-C6EF6FF0CC28}.Release|x64.Build.0 = Release|x64
		{1B50EA4A-35EE-46E7-8908-5ABCB0C6EE49}.Debug|Win32.ActiveCfg = Debug|Win32
		{1B50EA4A-35EE-46E7-8908-5ABCB0C6EE49}.Debug|Win32.Build.0 = Debug|Win32
		{1B50EA4A-35EE-46E7-8908-5ABCB0C6EE49}.Debug|x64.ActiveCfg = Debug|x64
		{1B50EA4A-35EE-46E7-8908-5ABCB0C6EE49}.Debug|x64.Build.0 = Debug|x64
		{1B50EA4A-35EE-46E7-8908-5ABCB0C6EE49}.Release|Win32.ActiveCfg = Release|Win32
		{1B50EA4A-35EE-46E7-8908-5ABCB0C6EE49}.Release|Win32.Build.0 = Release|Win32
		{1B50EA4A-35EE-46E7-8908-5ABCB0C6EE49}.Release|x64.ActiveCfg = Release|x64
		{1B50EA4A-35EE-46E7-8908-5ABCB0C6EE49}.Release|x64.Build.0 = Release|x64
		{A340BA0C-BE39-44D8-AFDE-CFCF1101E680}.Debug|Win32.ActiveCfg = Debug|Win32
		{A340BA0C-BE39-44D8-AFDE-CFCF1101E680}.Debug|Win32.Build.0 = Debug|Win32
		{A340BA0C-BE39-44D8-AFDE-CFCF1101E680}.Debug|x64.ActiveCfg = Debug|x64
		{A340BA0C-BE39-44D8-AFDE-CFCF1101E680}.Debug|x64.Build.0 = Debug|x64
		{A340BA0C-BE39-44D8-AFDE-CFCF1101E680}.Release|Win32.ActiveCfg = Release|Win32
		{A340BA0C-BE39-44D8-AFDE-CFCF1101E680}.Release|Win32.Build.0 = Release|Win32
		{A340BA0C-BE39-44D8-AFDE-CFCF1101E680}.Release|x64.ActiveCfg = Release|x64
		{A340BA0C-BE39-44D8-AFDE-CFCF1101E680}.Release|x64.Build.0 = Release|x64
		{205EA46B-C8A8-448D-AB4D-220B8AA32003}.Debug|Win32.ActiveCfg = Debug|Win32
		{205EA46B-C8A8-448D-AB4D-220B8AA32003}.Debug|Win32.Build.0 = Debug|Win32
		{205EA46B-C8A8-448D-AB4D-220B8AA32003}.Debug|x64.ActiveCfg = Debug|x64
		{205EA46B-C8A8-448D-AB4D-220B8AA32003}.Debug|x64.Build.0 = Debug|x64
		{205EA46B-C8A8-448D-AB4D-220B8AA32003}.Release|Win32.ActiveCfg = Release|Win32
		{205EA46B-C8A8-448D-AB4D-220B8AA32003}.Release|Win32.Build.0 = Release|Win32
		{205EA46B-C8A8-448D-AB4D-220B8AA32003}.Release|x64.ActiveCfg = Release|x64
		{205EA46B-C8A8-448D-AB4D-220B8AA32003}.Release|x64.Build.0 = Release|x64
		{61620443-B3A6-4AF1-BC25-B29C43ED3049}.Debug|Win32.ActiveCfg = Debug|Win32
		{61620443-B3A6-4AF1-BC25-B29C43ED3049}.Debug|Win32.Build.0 = Debug|Win32
		{61620443-B3A6-4AF1-BC25-B29C43ED3049}.Debug|x64.ActiveCfg = Debug|x64
		{61620443-B3A6-4AF1-BC25-B29C43ED3049}.Debug|x64.Build.0 = Debug|x64
		{61620443-B3A6-4AF1-BC25-B29C43ED3049}.Release|Win32.ActiveCfg = Release|Win32
		{61620443-B3A6-4AF1-BC25-B29C43ED3049}.Release|Win32.Build.0 = Release|Win32
		{61620443-B3A6-4AF1-BC25-B29C43ED3049}.Release|x64.ActiveCfg = Release|x64
		{61620443-B3A6-4AF1-BC25-B29C43ED3049}.Release|x64.Build.0 = Release|x64
		{3A827CF3-042D-4521-BFFD-B7E1328C1B49}.Debug|Win32.ActiveCfg = Debug|Win32
		{3A827CF3-042D-4521-BFFD-B7E1328C1B49}.Debug|Win32.Build.0 = Debug|Win32
		{3A827CF3-042D-4521-BFFD-B7E1328C1B49}.Debug|x64.ActiveCfg = Debug|x64
		{3A827CF3-042D-4521-BFFD-B7E1328C1B49}.Debug|x64.Build.0 = Debug|x64
		{3A827CF3-042D-4521-BFFD-B7E1328C1B49}.Release|Win32.ActiveCfg = Release|Win32
		{3A827CF3-042D-4521-BFFD-B7E1328C1B49}.Release|Win32.Build.0 = Release|Win32
		{3A827CF3-042D-4521-BFFD-B7E1328C1B49}.Release|x64.ActiveCfg = Release|x64
		{3A827CF3-042D-4521-BFFD-B7E1328C1B49}.Release|x64.Build.0 = Release|x64
		{372687AD-444A-4BD4-B21E-7EA05C63E9B9}.Debug|Win32.ActiveCfg = Debug|Win32
		{372687AD-444A-4BD4-B21E-7EA05C63E9B9}.Debug|Win32.Build.0 = Debug|Win32
		{372687AD-444A-4BD4-B21E-7EA05C63E9B9}.Debug|x64.ActiveCfg = Debug|x64
		{372687AD-444A-4BD4-B21E-7EA05C63E9B9}.Debug|x64.Build.0 = Debug|x64
		{372687AD-444A-4BD4-B21E-7EA05C63E9B9}.Release|Win32.ActiveCfg = Release|Win32
		{372687AD-444A-4BD4-B21E-7EA05C63E9B9}.Release|Win32.Build.0 = Release|Win32
		{372687AD-444A-4BD4-B21E-7EA05C63E9B9}.Release|x64.ActiveCfg = Release|x64
		{372687AD-444A-4BD4-B21E-7EA05C63E9B9}.Release|x64.Build.0 = Release|x64
		{47ED4C2B-2DFC-41A2-B505-FCF2BD9FCD4F}.Debug|Win32.ActiveCfg = Debug|Win32
		{47ED4C2B-2DFC-41A2-B505-FCF2BD9FCD4F}.Debug|Win32.Build.0 = Debug|Win32
		{47ED4C2B-2DFC-41A2-B505-FCF2BD9FCD4F}.Debug|x64.ActiveCfg = Debug|x64
		{47ED4C2B-2DFC-41A2-B505-FCF2BD9FCD4F}.Debug|x64.Build.0 = Debug|x64
		{47ED4C2B-2DFC-41A2-B505-FCF2BD9FCD4F}.Release|Win32.ActiveCfg = Release|Win32
		{47ED4C2B-2DFC-41A2-B505-FCF2BD9FCD4F}.Release|Win32.Build.0 = Release|Win32
		{47ED4C2B-2DFC-41A2-B505-FCF2BD9FCD4F}.Release|x64.ActiveCfg = Release|x64
		{47ED4C2B-2DFC-41A2-B505-FCF2BD9FCD4F}.Release|x64.Build.0 = Release|x64
		{13D2B437-2A37-47E5-B8F2-54926880EF8E}.Debug|Win32.ActiveCfg = Debug|Win32
		{13D2B437-2A37-47E5-B8F2-54926880EF8E}.Debug|Win32.Build.0 = Debug|Win32
		{13D2B437-2A37-47E5-B8F2-54926880EF8E}.Debug|x64.ActiveCfg = Debug|x64
		{13D2B437-2A37-47E5-B8F2-54926880EF8E}.Debug|x64.Build.0 = Debug|x64
		{13D2B437-2A37-47E5-B8F2-54926880EF8E}.Release|Win32.ActiveCfg = Release|Win32
		{13D2B437-2A37-47E5-B8F2-54926880EF8E}.Release|Win32.Build.0 = Release|Win32
		{13D2B437-2A37-47E5-B8F2-54926880EF8E}.Release|x64.ActiveCfg = Release|x64
		{13D2B437-2A37-47E5-B8F2-54926880EF8E}.Release|x64.Build.0 = Release|x64
		{C200D8EA-B30D-467F-8E0B-9F8DBE1D62BC}.Debug|Win32.ActiveCfg = Debug|Win32
		{C200D8EA-B30D-467F-8E0B-9F8DBE1D62BC}.Debug|Win32.Build.0 = Debug|Win32
		{C200D8EA-B30D-467F-8E0B-9F8DBE1D62BC}.Debug|x64.ActiveCfg = Debug|x64
		{C200D8EA-B30D-467F-8E0B-9F8DBE1D62BC}.Debug|x64.Build.0 = Debug|x64
		{C200D8EA-B30D-467F-8E0B-9F8DBE1D62BC}.Release|Win32.ActiveCfg = Release|Win32
		{C200D8EA-B30D-467F-8E0B-9F8DBE1D62BC}.Release|Win32.Build.0 = Release|Win32
		{C200D8EA-B30D-467F-8E0B-9F8DBE1D62BC}.Release|x64.ActiveCfg = Release|x64
		{C200D8EA-B30D-467F-8E0B-9F8DBE1D62BC}.Release|x64.Build.0 = Release|x64
		{7972E2BE-E04D-49DD-A7CA-C629053998EB}.Debug|Win32.ActiveCfg = Debug|Win32
		{7972E2BE-E04D-49DD-A7CA-C629053998EB}.Debug|Win32.Build.0 = Debug|Win32
		{7972E2BE-E04D-49DD-A7CA-C629053998EB}.Debug|x64.ActiveCfg = Debug|x64
		{7972E2BE-E04D-49DD-A7CA-C629053998EB}.Debug|x64.Build.0 = Debug|x64
		{7972E2BE-E04D-49DD-A7CA-C629053998EB}.Release|Win32.ActiveCfg = Release|Win32
		{7972E2BE-E04D-49DD-A7CA-C629053998EB}.Release|Win32.Build.0 = Release|Win32
		{7972E2BE-E04D-49DD-A7CA-C629053998EB}.Release|x64.ActiveCfg = Release|x64
		{7972E2BE-E04D-49DD-A7CA-C629053998EB}.Release|x64.Build.0 = Release|x64
		{C98F82AD-523F-4F05-AF23-F0F7E61D1E2D}.Debug|Win32.ActiveCfg = Debug|Win32
		{C98F82AD-523F-4F05-AF23-F0F7E61D1E2D}.Debug|Win32.Build.0 = Debug|Win32
		{C98F82AD-523F-4F05-AF23-F0F7E61D1E2D}.Debug|x64.ActiveCfg = Debug|x64
		{C98F82AD-523F-4F05-AF23-F0F7E61D1E2D}.Debug|x64.Build.0 = Debug|x64
		{C98F82AD-523F-4F05-AF23-F0F7E61D1E2D}.Release|Win32.ActiveCfg = Release|Win32
		{C98F82AD-523F-4F05-AF23-F0F7E61D1E2D}.Release|Win32.Build.0 = Release|Win32
		{C98F82AD-523F-4F05-AF23-F0F7E61D1E2D}.Release|x64.ActiveCfg = Release|x64
		{C98F82AD-523F-4F05-AF23-F0F7E61D1E2D}.Release|x64.Build.0 = Release|x64
		{7EB72074-528F-4F81-88F5-B78BD62F092B}.Debug|Win32.ActiveCfg = Debug|Win32
		{7EB72074-528F-4F81-88F5-B78BD62F092B}.Debug|Win32.Build.0 = Debug|Win32
		{7EB72074-528F-4F81-88F5-B78BD62F092B}.Debug|x64.ActiveCfg = Debug|x64
		{7EB72074-528F-4F81-88F5-B78BD62F092B}.Debug|x64.Build.0 = Debug|x64
		{7EB72074-528F-4F81-88F5-B78BD62F092B}.Release|Win32.ActiveCfg = Release|Win32
		{7EB72074-528F-4F81-88F5-B78BD62F092B}.Release|Win32.Build.0 = Release|Win32
		{7EB72074-528F-4F81-88F5-B78BD62F092B}.Release|x64.ActiveCfg = Release|x64
		{7EB72074-528F-4F81-88F5-B78BD62F092B}.Release|x64.Build.0 = Release|x64
		{88B3BDB5-C509-4D51-AE3C-1A2B15E6ECAE}.Debug|Win32.ActiveCfg = Debug|Win32
		{88B3BDB5-C509-4D51-AE3C-1A2B15E6ECAE}.Debug|Win32.Build.0 = Debug|Win32
		{88B3BDB5-C509-4D51-AE3C-1A2B15E6ECAE}.Debug|x64.ActiveCfg = Debug|x64
		{88B3BDB5-C509-4D51-AE3C-1A2B15E6ECAE}.Debug|x64.Build.0 = Debug|x64
		{88B3BDB5-C509-4D51-AE3C-1A2B15E6ECAE}.Release|Win32.ActiveCfg = Release|Win32
		{88B3BDB5-C509-4D51-AE3C-1A2B15E6ECAE}.Release|Win32.Build.0 = Release|Win32
		{88B3BDB5-C509-4D51-AE3C-1A2B15E6ECAE}.Release|x64.ActiveCfg = Release|x64
		{88B3BDB5-C509-4D51-AE3C-1A2B15E6ECAE}.Release|x64.Build.0 = Release|x64
	EndGlobalSection
	GlobalSection(NestedProjects) = preSolution
	EndGlobalSection
EndGlobal
