<?xml version="1.0" encoding="utf-8"?>
<Project ToolsVersion="4.0" xmlns="http://schemas.microsoft.com/developer/msbuild/2003">
  <ItemGroup>
    <Filter Include="소스 파일">
      <UniqueIdentifier>{4FC737F1-C7A5-4376-A066-2A32D752A2FF}</UniqueIdentifier>
      <Extensions>cpp;c;cc;cxx;c++;cppm;ixx;def;odl;idl;hpj;bat;asm;asmx</Extensions>
    </Filter>
    <Filter Include="리소스 파일">
      <UniqueIdentifier>{67DA6AB6-F800-4c08-8B7A-83BB121AAD01}</UniqueIdentifier>
      <Extensions>rc;ico;cur;bmp;dlg;rc2;rct;bin;rgs;gif;jpg;jpeg;jpe;resx;tiff;tif;png;wav;mfcribbon-ms</Extensions>
    </Filter>
    <Filter Include="소스 파일\00. MainGame">
      <UniqueIdentifier>{5a13265b-e0b9-4e11-9f01-6026c5141d54}</UniqueIdentifier>
    </Filter>
    <Filter Include="소스 파일\01. Manager">
      <UniqueIdentifier>{3af3f982-bfca-4176-9495-27cc4f8d8f44}</UniqueIdentifier>
    </Filter>
    <Filter Include="소스 파일\99. Headers">
      <UniqueIdentifier>{2a910fa9-0a6b-480e-a139-8fdb716f53c9}</UniqueIdentifier>
    </Filter>
    <Filter Include="소스 파일\99. Headers\Default header">
      <UniqueIdentifier>{40d05095-02b8-4e41-8f84-3493a4586d78}</UniqueIdentifier>
    </Filter>
    <Filter Include="소스 파일\02. Scene">
      <UniqueIdentifier>{657b415d-4b21-4afb-bbf9-63f85a3bf2c0}</UniqueIdentifier>
    </Filter>
    <Filter Include="소스 파일\03. Objects">
      <UniqueIdentifier>{a7ba7041-1b9c-4267-a48c-b687bb348510}</UniqueIdentifier>
    </Filter>
    <Filter Include="소스 파일\02. Scene\Game">
      <UniqueIdentifier>{207de4ae-8114-4ef2-9259-436861f3d35e}</UniqueIdentifier>
    </Filter>
    <Filter Include="소스 파일\03. Objects\Game">
      <UniqueIdentifier>{07403c74-83c7-4e43-a673-c42ed0837806}</UniqueIdentifier>
    </Filter>
    <Filter Include="소스 파일\04. Resources">
      <UniqueIdentifier>{54db4cd7-5929-45b2-9072-78ff5242be8c}</UniqueIdentifier>
    </Filter>
  </ItemGroup>
  <ItemGroup>
    <ClInclude Include="GameCoding.h">
      <Filter>소스 파일\00. MainGame</Filter>
    </ClInclude>
    <ClInclude Include="pch.h">
      <Filter>소스 파일\99. Headers</Filter>
    </ClInclude>
    <ClInclude Include="Defines.h">
      <Filter>소스 파일\99. Headers</Filter>
    </ClInclude>
    <ClInclude Include="Enums.h">
      <Filter>소스 파일\99. Headers</Filter>
    </ClInclude>
    <ClInclude Include="Types.h">
      <Filter>소스 파일\99. Headers</Filter>
    </ClInclude>
    <ClInclude Include="framework.h">
      <Filter>소스 파일\99. Headers\Default header</Filter>
    </ClInclude>
    <ClInclude Include="Resource.h">
      <Filter>소스 파일\99. Headers\Default header</Filter>
    </ClInclude>
    <ClInclude Include="targetver.h">
      <Filter>소스 파일\99. Headers\Default header</Filter>
    </ClInclude>
    <ClInclude Include="Game.h">
      <Filter>소스 파일\00. MainGame</Filter>
    </ClInclude>
    <ClInclude Include="InputManager.h">
      <Filter>소스 파일\01. Manager</Filter>
    </ClInclude>
    <ClInclude Include="TimeManager.h">
      <Filter>소스 파일\01. Manager</Filter>
    </ClInclude>
    <ClInclude Include="Utils.h">
      <Filter>소스 파일\99. Headers</Filter>
    </ClInclude>
    <ClInclude Include="Scene.h">
      <Filter>소스 파일\02. Scene</Filter>
    </ClInclude>
    <ClInclude Include="SceneManager.h">
      <Filter>소스 파일\01. Manager</Filter>
    </ClInclude>
    <ClInclude Include="DevScene.h">
      <Filter>소스 파일\02. Scene\Game</Filter>
    </ClInclude>
    <ClInclude Include="GameScene.h">
      <Filter>소스 파일\02. Scene\Game</Filter>
    </ClInclude>
    <ClInclude Include="Object.h">
      <Filter>소스 파일\03. Objects</Filter>
    </ClInclude>
    <ClInclude Include="Missile.h">
      <Filter>소스 파일\03. Objects\Game</Filter>
    </ClInclude>
    <ClInclude Include="Monster.h">
      <Filter>소스 파일\03. Objects\Game</Filter>
    </ClInclude>
    <ClInclude Include="Player.h">
      <Filter>소스 파일\03. Objects\Game</Filter>
    </ClInclude>
    <ClInclude Include="ObjectManager.h">
      <Filter>소스 파일\01. Manager</Filter>
    </ClInclude>
    <ClInclude Include="EditScene.h">
      <Filter>소스 파일\02. Scene\Game</Filter>
    </ClInclude>
    <ClInclude Include="LineMesh.h">
      <Filter>소스 파일\04. Resources</Filter>
    </ClInclude>
    <ClInclude Include="ResourceBase.h">
      <Filter>소스 파일\01. Manager</Filter>
    </ClInclude>
    <ClInclude Include="ResourceManager.h">
      <Filter>소스 파일\01. Manager</Filter>
    </ClInclude>
  </ItemGroup>
  <ItemGroup>
    <ResourceCompile Include="GameCoding.rc">
      <Filter>리소스 파일</Filter>
    </ResourceCompile>
  </ItemGroup>
  <ItemGroup>
    <Image Include="small.ico">
      <Filter>리소스 파일</Filter>
    </Image>
    <Image Include="GameCoding.ico">
      <Filter>리소스 파일</Filter>
    </Image>
  </ItemGroup>
  <ItemGroup>
    <ClCompile Include="GameCoding.cpp">
      <Filter>소스 파일\00. MainGame</Filter>
    </ClCompile>
    <ClCompile Include="pch.cpp">
      <Filter>소스 파일\99. Headers</Filter>
    </ClCompile>
    <ClCompile Include="Game.cpp">
      <Filter>소스 파일\00. MainGame</Filter>
    </ClCompile>
    <ClCompile Include="InputManager.cpp">
      <Filter>소스 파일\01. Manager</Filter>
    </ClCompile>
    <ClCompile Include="TimeManager.cpp">
      <Filter>소스 파일\01. Manager</Filter>
    </ClCompile>
    <ClCompile Include="Utils.cpp">
      <Filter>소스 파일\99. Headers</Filter>
    </ClCompile>
    <ClCompile Include="Scene.cpp">
      <Filter>소스 파일\02. Scene</Filter>
    </ClCompile>
    <ClCompile Include="SceneManager.cpp">
      <Filter>소스 파일\01. Manager</Filter>
    </ClCompile>
    <ClCompile Include="DevScene.cpp">
      <Filter>소스 파일\02. Scene\Game</Filter>
    </ClCompile>
    <ClCompile Include="GameScene.cpp">
      <Filter>소스 파일\02. Scene\Game</Filter>
    </ClCompile>
    <ClCompile Include="Object.cpp">
      <Filter>소스 파일\03. Objects</Filter>
    </ClCompile>
    <ClCompile Include="Missile.cpp">
      <Filter>소스 파일\03. Objects\Game</Filter>
    </ClCompile>
    <ClCompile Include="Monster.cpp">
      <Filter>소스 파일\03. Objects\Game</Filter>
    </ClCompile>
    <ClCompile Include="Player.cpp">
      <Filter>소스 파일\03. Objects\Game</Filter>
    </ClCompile>
    <ClCompile Include="ObjectManager.cpp">
      <Filter>소스 파일\01. Manager</Filter>
    </ClCompile>
    <ClCompile Include="EditScene.cpp">
      <Filter>소스 파일\02. Scene\Game</Filter>
    </ClCompile>
    <ClCompile Include="ResourceBase.cpp">
      <Filter>소스 파일\04. Resources</Filter>
    </ClCompile>
    <ClCompile Include="LineMesh.cpp">
      <Filter>소스 파일\04. Resources</Filter>
    </ClCompile>
    <ClCompile Include="ResourceManager.cpp">
      <Filter>소스 파일\01. Manager</Filter>
    </ClCompile>
  </ItemGroup>
</Project>