
Microsoft Visual Studio Solution File, Format Version 12.00
# Visual Studio Version 17
VisualStudioVersion = 17.5.33516.290
MinimumVisualStudioVersion = 10.0.40219.1
Project("{8BC9CEB8-8B4A-11D0-8D11-00A0C91BC942}") = "recursive function", "recursive function.vcxproj", "{6482B546-49C2-4754-8065-6932925BEF91}"
EndProject
Global
	GlobalSection(SolutionConfigurationPlatforms) = preSolution
		Debug|x64 = Debug|x64
		Debug|x86 = Debug|x86
		Release|x64 = Release|x64
		Release|x86 = Release|x86
	EndGlobalSection
	GlobalSection(ProjectConfigurationPlatforms) = postSolution
		{6482B546-49C2-4754-8065-6932925BEF91}.Debug|x64.ActiveCfg = Debug|x64
		{6482B546-49C2-4754-8065-6932925BEF91}.Debug|x64.Build.0 = Debug|x64
		{6482B546-49C2-4754-8065-6932925BEF91}.Debug|x86.ActiveCfg = Debug|Win32
		{6482B546-49C2-4754-8065-6932925BEF91}.Debug|x86.Build.0 = Debug|Win32
		{6482B546-49C2-4754-8065-6932925BEF91}.Release|x64.ActiveCfg = Release|x64
		{6482B546-49C2-4754-8065-6932925BEF91}.Release|x64.Build.0 = Release|x64
		{6482B546-49C2-4754-8065-6932925BEF91}.Release|x86.ActiveCfg = Release|Win32
		{6482B546-49C2-4754-8065-6932925BEF91}.Release|x86.Build.0 = Release|Win32
	EndGlobalSection
	GlobalSection(SolutionProperties) = preSolution
		HideSolutionNode = FALSE
	EndGlobalSection
	GlobalSection(ExtensibilityGlobals) = postSolution
		SolutionGuid = {1B1129F9-A819-4DED-AB99-65F85447C6A1}
	EndGlobalSection
EndGlobal
